# THIS IS AN AUTOGENERATED FILE. DO NOT EDIT THIS FILE DIRECTLY.
# yarn lockfile v1


argparse@^1.0.7:
  version "1.0.9"
  resolved "https://registry.yarnpkg.com/argparse/-/argparse-1.0.9.tgz#73d83bc263f86e97f8cc4f6bae1b0e90a7d22c86"
  dependencies:
    sprintf-js "~1.0.2"

codemirror@^5.33.0:
  version "5.34.0"
  resolved "https://registry.yarnpkg.com/codemirror/-/codemirror-5.34.0.tgz#e345dcc09a6149db65cc70dff9d389c1c4b0cd06"

entities@~1.1.1:
  version "1.1.1"
  resolved "https://registry.yarnpkg.com/entities/-/entities-1.1.1.tgz#6e5c2d0a5621b5dadaecef80b90edfb5cd7772f0"

"eve@git://github.com/adobe-webplatform/eve.git#eef80ed":
  version "0.4.1"
  resolved "git://github.com/adobe-webplatform/eve.git#eef80ed8d188423c2272746fb8ae5cc8dad84cb1"

highlight.js@^9.12.0:
  version "9.12.0"
  resolved "https://registry.yarnpkg.com/highlight.js/-/highlight.js-9.12.0.tgz#e6d9dbe57cbefe60751f02af336195870c90c01e"

jquery@^3.3.1:
  version "3.3.1"
  resolved "https://registry.yarnpkg.com/jquery/-/jquery-3.3.1.tgz#958ce29e81c9790f31be7792df5d4d95fc57fbca"

linkify-it@^2.0.0:
  version "2.0.3"
  resolved "https://registry.yarnpkg.com/linkify-it/-/linkify-it-2.0.3.tgz#d94a4648f9b1c179d64fa97291268bdb6ce9434f"
  dependencies:
    uc.micro "^1.0.1"

markdown-it@^8.4.0:
  version "8.4.0"
  resolved "https://registry.yarnpkg.com/markdown-it/-/markdown-it-8.4.0.tgz#e2400881bf171f7018ed1bd9da441dac8af6306d"
  dependencies:
    argparse "^1.0.7"
    entities "~1.1.1"
    linkify-it "^2.0.0"
    mdurl "^1.0.1"
    uc.micro "^1.0.3"

mdurl@^1.0.1:
  version "1.0.1"
  resolved "https://registry.yarnpkg.com/mdurl/-/mdurl-1.0.1.tgz#fe85b2ec75a59037f2adfec100fd6c601761152e"

pako@1.0.3:
  version "1.0.3"
  resolved "https://registry.yarnpkg.com/pako/-/pako-1.0.3.tgz#5f515b0c6722e1982920ae8005eacb0b7ca73ccf"

plantuml-encoder@^1.2.5:
  version "1.2.5"
  resolved "https://registry.yarnpkg.com/plantuml-encoder/-/plantuml-encoder-1.2.5.tgz#6b8e5b9e1a1dbd88b3fd9fb46f734eec7d44b548"
  dependencies:
    pako "1.0.3"
    utf8-bytes "0.0.1"

"raphael@git+https://github.com/nhnent/raphael.git#2.2.0b":
  version "2.2.0-b"
  resolved "git+https://github.com/nhnent/raphael.git#38d4ba69d2207954c02b6f64369b5405e40c56a6"
  dependencies:
    eve "git://github.com/adobe-webplatform/eve.git#eef80ed"

sprintf-js@~1.0.2:
  version "1.0.3"
  resolved "https://registry.yarnpkg.com/sprintf-js/-/sprintf-js-1.0.3.tgz#04e6926f662895354f3dd015203633b857297e2c"

squire-rte@^1.8.11:
  version "1.8.11"
  resolved "https://registry.yarnpkg.com/squire-rte/-/squire-rte-1.8.11.tgz#2776731c51376a66c1e75ef348ffe6458b43d57b"

to-mark@^1.0.0:
  version "1.0.0"
  resolved "https://registry.yarnpkg.com/to-mark/-/to-mark-1.0.0.tgz#1339144c17757a8134cb533e8c1c691bf2674582"

tui-chart@^2.13.0:
  version "2.15.0"
  resolved "https://registry.yarnpkg.com/tui-chart/-/tui-chart-2.15.0.tgz#803a784843319a606a603b25c253269bc7ed4ace"
  dependencies:
    raphael "https://github.com/nhnent/raphael.git#2.2.0b"
    tui-code-snippet "^1.2.5"

tui-code-snippet@^1.2.5, tui-code-snippet@^1.2.9:
  version "1.2.9"
  resolved "https://registry.yarnpkg.com/tui-code-snippet/-/tui-code-snippet-1.2.9.tgz#5178f477f19e0fc09266133f461a16e14fa21114"

tui-color-picker@^2.0.1:
  version "2.0.1"
  resolved "https://registry.yarnpkg.com/tui-color-picker/-/tui-color-picker-2.0.1.tgz#3cac882300658b2604afea0fcac2e6d9b269eaf8"
  dependencies:
    tui-code-snippet "^1.2.5"

tui-editor@^1.0.2:
  version "1.0.2"
  resolved "https://registry.yarnpkg.com/tui-editor/-/tui-editor-1.0.2.tgz#c2a3da23ceb0d358737b135527314cde35750a42"
  dependencies:
    codemirror "^5.33.0"
    highlight.js "^9.12.0"
    jquery "^3.3.1"
    markdown-it "^8.4.0"
    plantuml-encoder "^1.2.5"
    squire-rte "^1.8.11"
    to-mark "^1.0.0"
    tui-chart "^2.13.0"
    tui-code-snippet "^1.2.9"
    tui-color-picker "^2.0.1"

uc.micro@^1.0.1, uc.micro@^1.0.3:
  version "1.0.5"
  resolved "https://registry.yarnpkg.com/uc.micro/-/uc.micro-1.0.5.tgz#0c65f15f815aa08b560a61ce8b4db7ffc3f45376"

utf8-bytes@0.0.1:
  version "0.0.1"
  resolved "https://registry.yarnpkg.com/utf8-bytes/-/utf8-bytes-0.0.1.tgz#116b025448c9b500081cdfbf1f4d6c6c37d8837d"
